// !$*UTF8*$!
{
	archiveVersion = 1;
	classes = {
	};
	objectVersion = 56;
	objects = {

/* Begin PBXBuildFile section */
		3BE049EE2A984FE900AA14F3 /* GoogleService-Info.plist in Resources */ = {isa = PBXBuildFile; fileRef = 3BE049ED2A984FE900AA14F3 /* GoogleService-Info.plist */; };
		3BE049F12A98E67E00AA14F3 /* AppConfigManager.swift in Sources */ = {isa = PBXBuildFile; fileRef = 3BE049F02A98E67E00AA14F3 /* AppConfigManager.swift */; };
		3BE049F32A98EAA900AA14F3 /* FirebaseRemoteConfigDefaults.plist in Resources */ = {isa = PBXBuildFile; fileRef = 3BE049F22A98EAA900AA14F3 /* FirebaseRemoteConfigDefaults.plist */; };
		3BE049F52A98EB5700AA14F3 /* AppConfigDecoder.swift in Sources */ = {isa = PBXBuildFile; fileRef = 3BE049F42A98EB5700AA14F3 /* AppConfigDecoder.swift */; };
		3BE049F72A98EC4B00AA14F3 /* AppConfigs.swift in Sources */ = {isa = PBXBuildFile; fileRef = 3BE049F62A98EC4B00AA14F3 /* AppConfigs.swift */; };
		3BE049F92A98F02A00AA14F3 /* FirebaseConfigDecoder.swift in Sources */ = {isa = PBXBuildFile; fileRef = 3BE049F82A98F02A00AA14F3 /* FirebaseConfigDecoder.swift */; };
		3BE04A012A990BED00AA14F3 /* GreenScreen.swift in Sources */ = {isa = PBXBuildFile; fileRef = 3BE04A002A990BED00AA14F3 /* GreenScreen.swift */; };
		3BE04A032A990CF500AA14F3 /* YellowScreen.swift in Sources */ = {isa = PBXBuildFile; fileRef = 3BE04A022A990CF500AA14F3 /* YellowScreen.swift */; };
		3BE04A052A990D4600AA14F3 /* RedScreen.swift in Sources */ = {isa = PBXBuildFile; fileRef = 3BE04A042A990D4600AA14F3 /* RedScreen.swift */; };
		3BFC1D4A2A98345600196D44 /* AppDelegate.swift in Sources */ = {isa = PBXBuildFile; fileRef = 3BFC1D492A98345600196D44 /* AppDelegate.swift */; };
		3BFC1D4C2A98345600196D44 /* SceneDelegate.swift in Sources */ = {isa = PBXBuildFile; fileRef = 3BFC1D4B2A98345600196D44 /* SceneDelegate.swift */; };
		3BFC1D532A98345900196D44 /* Assets.xcassets in Resources */ = {isa = PBXBuildFile; fileRef = 3BFC1D522A98345900196D44 /* Assets.xcassets */; };
		3BFC1D562A98345900196D44 /* LaunchScreen.storyboard in Resources */ = {isa = PBXBuildFile; fileRef = 3BFC1D542A98345900196D44 /* LaunchScreen.storyboard */; };
		3BFC1D612A98345900196D44 /* RemoteConfigsSampleProjectTests.swift in Sources */ = {isa = PBXBuildFile; fileRef = 3BFC1D602A98345900196D44 /* RemoteConfigsSampleProjectTests.swift */; };
		3BFC1D6B2A98345900196D44 /* RemoteConfigsSampleProjectUITests.swift in Sources */ = {isa = PBXBuildFile; fileRef = 3BFC1D6A2A98345900196D44 /* RemoteConfigsSampleProjectUITests.swift */; };
		3BFC1D6D2A98345900196D44 /* RemoteConfigsSampleProjectUITestsLaunchTests.swift in Sources */ = {isa = PBXBuildFile; fileRef = 3BFC1D6C2A98345900196D44 /* RemoteConfigsSampleProjectUITestsLaunchTests.swift */; };
		3BFC1D7B2A9837D300196D44 /* Coordinator.swift in Sources */ = {isa = PBXBuildFile; fileRef = 3BFC1D7A2A9837D300196D44 /* Coordinator.swift */; };
		3BFC1D7E2A9838C600196D44 /* MainCoordinator.swift in Sources */ = {isa = PBXBuildFile; fileRef = 3BFC1D7D2A9838C600196D44 /* MainCoordinator.swift */; };
		3BFC1D802A98394E00196D44 /* MainTabView.swift in Sources */ = {isa = PBXBuildFile; fileRef = 3BFC1D7F2A98394E00196D44 /* MainTabView.swift */; };
		3BFC1D822A9839D700196D44 /* MainTabViewModel.swift in Sources */ = {isa = PBXBuildFile; fileRef = 3BFC1D812A9839D700196D44 /* MainTabViewModel.swift */; };
		3D7187E5513AC3AAE6341A97 /* Pods_RemoteConfigsSampleProject.framework in Frameworks */ = {isa = PBXBuildFile; fileRef = 32D14BCEAB9EC575FA4D8794 /* Pods_RemoteConfigsSampleProject.framework */; };
		A46DBC3C1B08D6A8D443BE74 /* Pods_RemoteConfigsSampleProjectTests.framework in Frameworks */ = {isa = PBXBuildFile; fileRef = 04C2CCC3B6F7B9A9360849C1 /* Pods_RemoteConfigsSampleProjectTests.framework */; };
		A4C6A2866B61E16C1AFCBB0E /* Pods_RemoteConfigsSampleProject_RemoteConfigsSampleProjectUITests.framework in Frameworks */ = {isa = PBXBuildFile; fileRef = 5FF3B98D786D3E75C79DCD85 /* Pods_RemoteConfigsSampleProject_RemoteConfigsSampleProjectUITests.framework */; };
/* End PBXBuildFile section */

/* Begin PBXContainerItemProxy section */
		3BFC1D5D2A98345900196D44 /* PBXContainerItemProxy */ = {
			isa = PBXContainerItemProxy;
			containerPortal = 3BFC1D3E2A98345600196D44 /* Project object */;
			proxyType = 1;
			remoteGlobalIDString = 3BFC1D452A98345600196D44;
			remoteInfo = RemoteConfigsSampleProject;
		};
		3BFC1D672A98345900196D44 /* PBXContainerItemProxy */ = {
			isa = PBXContainerItemProxy;
			containerPortal = 3BFC1D3E2A98345600196D44 /* Project object */;
			proxyType = 1;
			remoteGlobalIDString = 3BFC1D452A98345600196D44;
			remoteInfo = RemoteConfigsSampleProject;
		};
/* End PBXContainerItemProxy section */

/* Begin PBXFileReference section */
		04C2CCC3B6F7B9A9360849C1 /* Pods_RemoteConfigsSampleProjectTests.framework */ = {isa = PBXFileReference; explicitFileType = wrapper.framework; includeInIndex = 0; path = Pods_RemoteConfigsSampleProjectTests.framework; sourceTree = BUILT_PRODUCTS_DIR; };
		14D68AC5856F02B9667BD589 /* Pods-RemoteConfigsSampleProjectTests.release.xcconfig */ = {isa = PBXFileReference; includeInIndex = 1; lastKnownFileType = text.xcconfig; name = "Pods-RemoteConfigsSampleProjectTests.release.xcconfig"; path = "Target Support Files/Pods-RemoteConfigsSampleProjectTests/Pods-RemoteConfigsSampleProjectTests.release.xcconfig"; sourceTree = "<group>"; };
		32D14BCEAB9EC575FA4D8794 /* Pods_RemoteConfigsSampleProject.framework */ = {isa = PBXFileReference; explicitFileType = wrapper.framework; includeInIndex = 0; path = Pods_RemoteConfigsSampleProject.framework; sourceTree = BUILT_PRODUCTS_DIR; };
		3BE049ED2A984FE900AA14F3 /* GoogleService-Info.plist */ = {isa = PBXFileReference; fileEncoding = 4; lastKnownFileType = text.plist.xml; path = "GoogleService-Info.plist"; sourceTree = "<group>"; };
		3BE049F02A98E67E00AA14F3 /* AppConfigManager.swift */ = {isa = PBXFileReference; lastKnownFileType = sourcecode.swift; path = AppConfigManager.swift; sourceTree = "<group>"; };
		3BE049F22A98EAA900AA14F3 /* FirebaseRemoteConfigDefaults.plist */ = {isa = PBXFileReference; lastKnownFileType = text.plist.xml; path = FirebaseRemoteConfigDefaults.plist; sourceTree = "<group>"; };
		3BE049F42A98EB5700AA14F3 /* AppConfigDecoder.swift */ = {isa = PBXFileReference; lastKnownFileType = sourcecode.swift; path = AppConfigDecoder.swift; sourceTree = "<group>"; };
		3BE049F62A98EC4B00AA14F3 /* AppConfigs.swift */ = {isa = PBXFileReference; lastKnownFileType = sourcecode.swift; path = AppConfigs.swift; sourceTree = "<group>"; };
		3BE049F82A98F02A00AA14F3 /* FirebaseConfigDecoder.swift */ = {isa = PBXFileReference; lastKnownFileType = sourcecode.swift; path = FirebaseConfigDecoder.swift; sourceTree = "<group>"; };
		3BE04A002A990BED00AA14F3 /* GreenScreen.swift */ = {isa = PBXFileReference; lastKnownFileType = sourcecode.swift; path = GreenScreen.swift; sourceTree = "<group>"; };
		3BE04A022A990CF500AA14F3 /* YellowScreen.swift */ = {isa = PBXFileReference; lastKnownFileType = sourcecode.swift; path = YellowScreen.swift; sourceTree = "<group>"; };
		3BE04A042A990D4600AA14F3 /* RedScreen.swift */ = {isa = PBXFileReference; lastKnownFileType = sourcecode.swift; path = RedScreen.swift; sourceTree = "<group>"; };
		3BFC1D462A98345600196D44 /* RemoteConfigsSampleProject.app */ = {isa = PBXFileReference; explicitFileType = wrapper.application; includeInIndex = 0; path = RemoteConfigsSampleProject.app; sourceTree = BUILT_PRODUCTS_DIR; };
		3BFC1D492A98345600196D44 /* AppDelegate.swift */ = {isa = PBXFileReference; lastKnownFileType = sourcecode.swift; path = AppDelegate.swift; sourceTree = "<group>"; };
		3BFC1D4B2A98345600196D44 /* SceneDelegate.swift */ = {isa = PBXFileReference; lastKnownFileType = sourcecode.swift; path = SceneDelegate.swift; sourceTree = "<group>"; };
		3BFC1D522A98345900196D44 /* Assets.xcassets */ = {isa = PBXFileReference; lastKnownFileType = folder.assetcatalog; path = Assets.xcassets; sourceTree = "<group>"; };
		3BFC1D552A98345900196D44 /* Base */ = {isa = PBXFileReference; lastKnownFileType = file.storyboard; name = Base; path = Base.lproj/LaunchScreen.storyboard; sourceTree = "<group>"; };
		3BFC1D572A98345900196D44 /* Info.plist */ = {isa = PBXFileReference; lastKnownFileType = text.plist.xml; path = Info.plist; sourceTree = "<group>"; };
		3BFC1D5C2A98345900196D44 /* RemoteConfigsSampleProjectTests.xctest */ = {isa = PBXFileReference; explicitFileType = wrapper.cfbundle; includeInIndex = 0; path = RemoteConfigsSampleProjectTests.xctest; sourceTree = BUILT_PRODUCTS_DIR; };
		3BFC1D602A98345900196D44 /* RemoteConfigsSampleProjectTests.swift */ = {isa = PBXFileReference; lastKnownFileType = sourcecode.swift; path = RemoteConfigsSampleProjectTests.swift; sourceTree = "<group>"; };
		3BFC1D662A98345900196D44 /* RemoteConfigsSampleProjectUITests.xctest */ = {isa = PBXFileReference; explicitFileType = wrapper.cfbundle; includeInIndex = 0; path = RemoteConfigsSampleProjectUITests.xctest; sourceTree = BUILT_PRODUCTS_DIR; };
		3BFC1D6A2A98345900196D44 /* RemoteConfigsSampleProjectUITests.swift */ = {isa = PBXFileReference; lastKnownFileType = sourcecode.swift; path = RemoteConfigsSampleProjectUITests.swift; sourceTree = "<group>"; };
		3BFC1D6C2A98345900196D44 /* RemoteConfigsSampleProjectUITestsLaunchTests.swift */ = {isa = PBXFileReference; lastKnownFileType = sourcecode.swift; path = RemoteConfigsSampleProjectUITestsLaunchTests.swift; sourceTree = "<group>"; };
		3BFC1D7A2A9837D300196D44 /* Coordinator.swift */ = {isa = PBXFileReference; lastKnownFileType = sourcecode.swift; path = Coordinator.swift; sourceTree = "<group>"; };
		3BFC1D7D2A9838C600196D44 /* MainCoordinator.swift */ = {isa = PBXFileReference; lastKnownFileType = sourcecode.swift; path = MainCoordinator.swift; sourceTree = "<group>"; };
		3BFC1D7F2A98394E00196D44 /* MainTabView.swift */ = {isa = PBXFileReference; lastKnownFileType = sourcecode.swift; path = MainTabView.swift; sourceTree = "<group>"; };
		3BFC1D812A9839D700196D44 /* MainTabViewModel.swift */ = {isa = PBXFileReference; lastKnownFileType = sourcecode.swift; path = MainTabViewModel.swift; sourceTree = "<group>"; };
		5FF3B98D786D3E75C79DCD85 /* Pods_RemoteConfigsSampleProject_RemoteConfigsSampleProjectUITests.framework */ = {isa = PBXFileReference; explicitFileType = wrapper.framework; includeInIndex = 0; path = Pods_RemoteConfigsSampleProject_RemoteConfigsSampleProjectUITests.framework; sourceTree = BUILT_PRODUCTS_DIR; };
		76292BD708A68953A3FD8FEF /* Pods-RemoteConfigsSampleProject-RemoteConfigsSampleProjectUITests.release.xcconfig */ = {isa = PBXFileReference; includeInIndex = 1; lastKnownFileType = text.xcconfig; name = "Pods-RemoteConfigsSampleProject-RemoteConfigsSampleProjectUITests.release.xcconfig"; path = "Target Support Files/Pods-RemoteConfigsSampleProject-RemoteConfigsSampleProjectUITests/Pods-RemoteConfigsSampleProject-RemoteConfigsSampleProjectUITests.release.xcconfig"; sourceTree = "<group>"; };
		9FA24DD0020C2672F7919E0E /* Pods-RemoteConfigsSampleProject-RemoteConfigsSampleProjectUITests.debug.xcconfig */ = {isa = PBXFileReference; includeInIndex = 1; lastKnownFileType = text.xcconfig; name = "Pods-RemoteConfigsSampleProject-RemoteConfigsSampleProjectUITests.debug.xcconfig"; path = "Target Support Files/Pods-RemoteConfigsSampleProject-RemoteConfigsSampleProjectUITests/Pods-RemoteConfigsSampleProject-RemoteConfigsSampleProjectUITests.debug.xcconfig"; sourceTree = "<group>"; };
		CA72F6885C610A8073A053E4 /* Pods-RemoteConfigsSampleProjectTests.debug.xcconfig */ = {isa = PBXFileReference; includeInIndex = 1; lastKnownFileType = text.xcconfig; name = "Pods-RemoteConfigsSampleProjectTests.debug.xcconfig"; path = "Target Support Files/Pods-RemoteConfigsSampleProjectTests/Pods-RemoteConfigsSampleProjectTests.debug.xcconfig"; sourceTree = "<group>"; };
		D9F53FDFCD9D1354EE5A43A4 /* Pods-RemoteConfigsSampleProject.release.xcconfig */ = {isa = PBXFileReference; includeInIndex = 1; lastKnownFileType = text.xcconfig; name = "Pods-RemoteConfigsSampleProject.release.xcconfig"; path = "Target Support Files/Pods-RemoteConfigsSampleProject/Pods-RemoteConfigsSampleProject.release.xcconfig"; sourceTree = "<group>"; };
		F39EDA2BF582100EBF073E12 /* Pods-RemoteConfigsSampleProject.debug.xcconfig */ = {isa = PBXFileReference; includeInIndex = 1; lastKnownFileType = text.xcconfig; name = "Pods-RemoteConfigsSampleProject.debug.xcconfig"; path = "Target Support Files/Pods-RemoteConfigsSampleProject/Pods-RemoteConfigsSampleProject.debug.xcconfig"; sourceTree = "<group>"; };
/* End PBXFileReference section */

/* Begin PBXFrameworksBuildPhase section */
		3BFC1D432A98345600196D44 /* Frameworks */ = {
			isa = PBXFrameworksBuildPhase;
			buildActionMask = 2147483647;
			files = (
				3D7187E5513AC3AAE6341A97 /* Pods_RemoteConfigsSampleProject.framework in Frameworks */,
			);
			runOnlyForDeploymentPostprocessing = 0;
		};
		3BFC1D592A98345900196D44 /* Frameworks */ = {
			isa = PBXFrameworksBuildPhase;
			buildActionMask = 2147483647;
			files = (
				A46DBC3C1B08D6A8D443BE74 /* Pods_RemoteConfigsSampleProjectTests.framework in Frameworks */,
			);
			runOnlyForDeploymentPostprocessing = 0;
		};
		3BFC1D632A98345900196D44 /* Frameworks */ = {
			isa = PBXFrameworksBuildPhase;
			buildActionMask = 2147483647;
			files = (
				A4C6A2866B61E16C1AFCBB0E /* Pods_RemoteConfigsSampleProject_RemoteConfigsSampleProjectUITests.framework in Frameworks */,
			);
			runOnlyForDeploymentPostprocessing = 0;
		};
/* End PBXFrameworksBuildPhase section */

/* Begin PBXGroup section */
		3BE049EF2A98E66700AA14F3 /* AppConfigs */ = {
			isa = PBXGroup;
			children = (
				3BE049F02A98E67E00AA14F3 /* AppConfigManager.swift */,
				3BE049F82A98F02A00AA14F3 /* FirebaseConfigDecoder.swift */,
				3BE049F42A98EB5700AA14F3 /* AppConfigDecoder.swift */,
				3BE049F62A98EC4B00AA14F3 /* AppConfigs.swift */,
			);
			path = AppConfigs;
			sourceTree = "<group>";
		};
		3BE049FD2A990BB800AA14F3 /* Green Feature */ = {
			isa = PBXGroup;
			children = (
				3BE04A002A990BED00AA14F3 /* GreenScreen.swift */,
			);
			path = "Green Feature";
			sourceTree = "<group>";
		};
		3BE049FE2A990BC300AA14F3 /* Red Feature */ = {
			isa = PBXGroup;
			children = (
				3BE04A042A990D4600AA14F3 /* RedScreen.swift */,
			);
			path = "Red Feature";
			sourceTree = "<group>";
		};
		3BE049FF2A990BD600AA14F3 /* Yellow Feature */ = {
			isa = PBXGroup;
			children = (
				3BE04A022A990CF500AA14F3 /* YellowScreen.swift */,
			);
			path = "Yellow Feature";
			sourceTree = "<group>";
		};
		3BFC1D3D2A98345600196D44 = {
			isa = PBXGroup;
			children = (
				3BFC1D482A98345600196D44 /* RemoteConfigsSampleProject */,
				3BFC1D5F2A98345900196D44 /* RemoteConfigsSampleProjectTests */,
				3BFC1D692A98345900196D44 /* RemoteConfigsSampleProjectUITests */,
				3BFC1D472A98345600196D44 /* Products */,
				5AFCF887B405D3393836817A /* Pods */,
				49D52D7EF5693D1D692D59ED /* Frameworks */,
			);
			sourceTree = "<group>";
		};
		3BFC1D472A98345600196D44 /* Products */ = {
			isa = PBXGroup;
			children = (
				3BFC1D462A98345600196D44 /* RemoteConfigsSampleProject.app */,
				3BFC1D5C2A98345900196D44 /* RemoteConfigsSampleProjectTests.xctest */,
				3BFC1D662A98345900196D44 /* RemoteConfigsSampleProjectUITests.xctest */,
			);
			name = Products;
			sourceTree = "<group>";
		};
		3BFC1D482A98345600196D44 /* RemoteConfigsSampleProject */ = {
			isa = PBXGroup;
			children = (
				3BFC1D492A98345600196D44 /* AppDelegate.swift */,
				3BFC1D4B2A98345600196D44 /* SceneDelegate.swift */,
				3BFC1D572A98345900196D44 /* Info.plist */,
				3BE049ED2A984FE900AA14F3 /* GoogleService-Info.plist */,
				3BE049F22A98EAA900AA14F3 /* FirebaseRemoteConfigDefaults.plist */,
				3BFC1D7D2A9838C600196D44 /* MainCoordinator.swift */,
				3BFC1D7F2A98394E00196D44 /* MainTabView.swift */,
				3BFC1D812A9839D700196D44 /* MainTabViewModel.swift */,
				3BE049FE2A990BC300AA14F3 /* Red Feature */,
				3BE049FF2A990BD600AA14F3 /* Yellow Feature */,
				3BE049FD2A990BB800AA14F3 /* Green Feature */,
				3BE049EF2A98E66700AA14F3 /* AppConfigs */,
				3BFC1D792A9837C300196D44 /* Protocols */,
				3BFC1D7C2A98386000196D44 /* Resources */,
			);
			path = RemoteConfigsSampleProject;
			sourceTree = "<group>";
		};
		3BFC1D5F2A98345900196D44 /* RemoteConfigsSampleProjectTests */ = {
			isa = PBXGroup;
			children = (
				3BFC1D602A98345900196D44 /* RemoteConfigsSampleProjectTests.swift */,
			);
			path = RemoteConfigsSampleProjectTests;
			sourceTree = "<group>";
		};
		3BFC1D692A98345900196D44 /* RemoteConfigsSampleProjectUITests */ = {
			isa = PBXGroup;
			children = (
				3BFC1D6A2A98345900196D44 /* RemoteConfigsSampleProjectUITests.swift */,
				3BFC1D6C2A98345900196D44 /* RemoteConfigsSampleProjectUITestsLaunchTests.swift */,
			);
			path = RemoteConfigsSampleProjectUITests;
			sourceTree = "<group>";
		};
		3BFC1D792A9837C300196D44 /* Protocols */ = {
			isa = PBXGroup;
			children = (
				3BFC1D7A2A9837D300196D44 /* Coordinator.swift */,
			);
			path = Protocols;
			sourceTree = "<group>";
		};
		3BFC1D7C2A98386000196D44 /* Resources */ = {
			isa = PBXGroup;
			children = (
				3BFC1D522A98345900196D44 /* Assets.xcassets */,
				3BFC1D542A98345900196D44 /* LaunchScreen.storyboard */,
			);
			path = Resources;
			sourceTree = "<group>";
		};
		49D52D7EF5693D1D692D59ED /* Frameworks */ = {
			isa = PBXGroup;
			children = (
				32D14BCEAB9EC575FA4D8794 /* Pods_RemoteConfigsSampleProject.framework */,
				5FF3B98D786D3E75C79DCD85 /* Pods_RemoteConfigsSampleProject_RemoteConfigsSampleProjectUITests.framework */,
				04C2CCC3B6F7B9A9360849C1 /* Pods_RemoteConfigsSampleProjectTests.framework */,
			);
			name = Frameworks;
			sourceTree = "<group>";
		};
		5AFCF887B405D3393836817A /* Pods */ = {
			isa = PBXGroup;
			children = (
				F39EDA2BF582100EBF073E12 /* Pods-RemoteConfigsSampleProject.debug.xcconfig */,
				D9F53FDFCD9D1354EE5A43A4 /* Pods-RemoteConfigsSampleProject.release.xcconfig */,
				9FA24DD0020C2672F7919E0E /* Pods-RemoteConfigsSampleProject-RemoteConfigsSampleProjectUITests.debug.xcconfig */,
				76292BD708A68953A3FD8FEF /* Pods-RemoteConfigsSampleProject-RemoteConfigsSampleProjectUITests.release.xcconfig */,
				CA72F6885C610A8073A053E4 /* Pods-RemoteConfigsSampleProjectTests.debug.xcconfig */,
				14D68AC5856F02B9667BD589 /* Pods-RemoteConfigsSampleProjectTests.release.xcconfig */,
			);
			path = Pods;
			sourceTree = "<group>";
		};
/* End PBXGroup section */

/* Begin PBXNativeTarget section */
		3BFC1D452A98345600196D44 /* RemoteConfigsSampleProject */ = {
			isa = PBXNativeTarget;
			buildConfigurationList = 3BFC1D702A98345900196D44 /* Build configuration list for PBXNativeTarget "RemoteConfigsSampleProject" */;
			buildPhases = (
				560D0D810EE9A5518D7E84CD /* [CP] Check Pods Manifest.lock */,
				3BFC1D422A98345600196D44 /* Sources */,
				3BFC1D432A98345600196D44 /* Frameworks */,
				3BFC1D442A98345600196D44 /* Resources */,
				8BE62CBEC79F192973322143 /* [CP] Embed Pods Frameworks */,
			);
			buildRules = (
			);
			dependencies = (
			);
			name = RemoteConfigsSampleProject;
			productName = RemoteConfigsSampleProject;
			productReference = 3BFC1D462A98345600196D44 /* RemoteConfigsSampleProject.app */;
			productType = "com.apple.product-type.application";
		};
		3BFC1D5B2A98345900196D44 /* RemoteConfigsSampleProjectTests */ = {
			isa = PBXNativeTarget;
			buildConfigurationList = 3BFC1D732A98345900196D44 /* Build configuration list for PBXNativeTarget "RemoteConfigsSampleProjectTests" */;
			buildPhases = (
				637527B8391743E7A18AA8E3 /* [CP] Check Pods Manifest.lock */,
				3BFC1D582A98345900196D44 /* Sources */,
				3BFC1D592A98345900196D44 /* Frameworks */,
				3BFC1D5A2A98345900196D44 /* Resources */,
			);
			buildRules = (
			);
			dependencies = (
				3BFC1D5E2A98345900196D44 /* PBXTargetDependency */,
			);
			name = RemoteConfigsSampleProjectTests;
			productName = RemoteConfigsSampleProjectTests;
			productReference = 3BFC1D5C2A98345900196D44 /* RemoteConfigsSampleProjectTests.xctest */;
			productType = "com.apple.product-type.bundle.unit-test";
		};
		3BFC1D652A98345900196D44 /* RemoteConfigsSampleProjectUITests */ = {
			isa = PBXNativeTarget;
			buildConfigurationList = 3BFC1D762A98345900196D44 /* Build configuration list for PBXNativeTarget "RemoteConfigsSampleProjectUITests" */;
			buildPhases = (
				600DD26177A95E9B6D9C1668 /* [CP] Check Pods Manifest.lock */,
				3BFC1D622A98345900196D44 /* Sources */,
				3BFC1D632A98345900196D44 /* Frameworks */,
				3BFC1D642A98345900196D44 /* Resources */,
				A478DF351A1E4B4E93B80E88 /* [CP] Embed Pods Frameworks */,
			);
			buildRules = (
			);
			dependencies = (
				3BFC1D682A98345900196D44 /* PBXTargetDependency */,
			);
			name = RemoteConfigsSampleProjectUITests;
			productName = RemoteConfigsSampleProjectUITests;
			productReference = 3BFC1D662A98345900196D44 /* RemoteConfigsSampleProjectUITests.xctest */;
			productType = "com.apple.product-type.bundle.ui-testing";
		};
/* End PBXNativeTarget section */

/* Begin PBXProject section */
		3BFC1D3E2A98345600196D44 /* Project object */ = {
			isa = PBXProject;
			attributes = {
				BuildIndependentTargetsInParallel = 1;
				LastSwiftUpdateCheck = 1430;
				LastUpgradeCheck = 1430;
				TargetAttributes = {
					3BFC1D452A98345600196D44 = {
						CreatedOnToolsVersion = 14.3.1;
					};
					3BFC1D5B2A98345900196D44 = {
						CreatedOnToolsVersion = 14.3.1;
						TestTargetID = 3BFC1D452A98345600196D44;
					};
					3BFC1D652A98345900196D44 = {
						CreatedOnToolsVersion = 14.3.1;
						TestTargetID = 3BFC1D452A98345600196D44;
					};
				};
			};
			buildConfigurationList = 3BFC1D412A98345600196D44 /* Build configuration list for PBXProject "RemoteConfigsSampleProject" */;
			compatibilityVersion = "Xcode 14.0";
			developmentRegion = en;
			hasScannedForEncodings = 0;
			knownRegions = (
				en,
				Base,
			);
			mainGroup = 3BFC1D3D2A98345600196D44;
			productRefGroup = 3BFC1D472A98345600196D44 /* Products */;
			projectDirPath = "";
			projectRoot = "";
			targets = (
				3BFC1D452A98345600196D44 /* RemoteConfigsSampleProject */,
				3BFC1D5B2A98345900196D44 /* RemoteConfigsSampleProjectTests */,
				3BFC1D652A98345900196D44 /* RemoteConfigsSampleProjectUITests */,
			);
		};
/* End PBXProject section */

/* Begin PBXResourcesBuildPhase section */
		3BFC1D442A98345600196D44 /* Resources */ = {
			isa = PBXResourcesBuildPhase;
			buildActionMask = 2147483647;
			files = (
				3BFC1D562A98345900196D44 /* LaunchScreen.storyboard in Resources */,
				3BFC1D532A98345900196D44 /* Assets.xcassets in Resources */,
				3BE049EE2A984FE900AA14F3 /* GoogleService-Info.plist in Resources */,
				3BE049F32A98EAA900AA14F3 /* FirebaseRemoteConfigDefaults.plist in Resources */,
			);
			runOnlyForDeploymentPostprocessing = 0;
		};
		3BFC1D5A2A98345900196D44 /* Resources */ = {
			isa = PBXResourcesBuildPhase;
			buildActionMask = 2147483647;
			files = (
			);
			runOnlyForDeploymentPostprocessing = 0;
		};
		3BFC1D642A98345900196D44 /* Resources */ = {
			isa = PBXResourcesBuildPhase;
			buildActionMask = 2147483647;
			files = (
			);
			runOnlyForDeploymentPostprocessing = 0;
		};
/* End PBXResourcesBuildPhase section */

/* Begin PBXShellScriptBuildPhase section */
		560D0D810EE9A5518D7E84CD /* [CP] Check Pods Manifest.lock */ = {
			isa = PBXShellScriptBuildPhase;
			buildActionMask = 2147483647;
			files = (
			);
			inputFileListPaths = (
			);
			inputPaths = (
				"${PODS_PODFILE_DIR_PATH}/Podfile.lock",
				"${PODS_ROOT}/Manifest.lock",
			);
			name = "[CP] Check Pods Manifest.lock";
			outputFileListPaths = (
			);
			outputPaths = (
				"$(DERIVED_FILE_DIR)/Pods-RemoteConfigsSampleProject-checkManifestLockResult.txt",
			);
			runOnlyForDeploymentPostprocessing = 0;
			shellPath = /bin/sh;
			shellScript = "diff \"${PODS_PODFILE_DIR_PATH}/Podfile.lock\" \"${PODS_ROOT}/Manifest.lock\" > /dev/null\nif [ $? != 0 ] ; then\n    # print error to STDERR\n    echo \"error: The sandbox is not in sync with the Podfile.lock. Run 'pod install' or update your CocoaPods installation.\" >&2\n    exit 1\nfi\n# This output is used by Xcode 'outputs' to avoid re-running this script phase.\necho \"SUCCESS\" > \"${SCRIPT_OUTPUT_FILE_0}\"\n";
			showEnvVarsInLog = 0;
		};
		600DD26177A95E9B6D9C1668 /* [CP] Check Pods Manifest.lock */ = {
			isa = PBXShellScriptBuildPhase;
			buildActionMask = 2147483647;
			files = (
			);
			inputFileListPaths = (
			);
			inputPaths = (
				"${PODS_PODFILE_DIR_PATH}/Podfile.lock",
				"${PODS_ROOT}/Manifest.lock",
			);
			name = "[CP] Check Pods Manifest.lock";
			outputFileListPaths = (
			);
			outputPaths = (
				"$(DERIVED_FILE_DIR)/Pods-RemoteConfigsSampleProject-RemoteConfigsSampleProjectUITests-checkManifestLockResult.txt",
			);
			runOnlyForDeploymentPostprocessing = 0;
			shellPath = /bin/sh;
			shellScript = "diff \"${PODS_PODFILE_DIR_PATH}/Podfile.lock\" \"${PODS_ROOT}/Manifest.lock\" > /dev/null\nif [ $? != 0 ] ; then\n    # print error to STDERR\n    echo \"error: The sandbox is not in sync with the Podfile.lock. Run 'pod install' or update your CocoaPods installation.\" >&2\n    exit 1\nfi\n# This output is used by Xcode 'outputs' to avoid re-running this script phase.\necho \"SUCCESS\" > \"${SCRIPT_OUTPUT_FILE_0}\"\n";
			showEnvVarsInLog = 0;
		};
		637527B8391743E7A18AA8E3 /* [CP] Check Pods Manifest.lock */ = {
			isa = PBXShellScriptBuildPhase;
			buildActionMask = 2147483647;
			files = (
			);
			inputFileListPaths = (
			);
			inputPaths = (
				"${PODS_PODFILE_DIR_PATH}/Podfile.lock",
				"${PODS_ROOT}/Manifest.lock",
			);
			name = "[CP] Check Pods Manifest.lock";
			outputFileListPaths = (
			);
			outputPaths = (
				"$(DERIVED_FILE_DIR)/Pods-RemoteConfigsSampleProjectTests-checkManifestLockResult.txt",
			);
			runOnlyForDeploymentPostprocessing = 0;
			shellPath = /bin/sh;
			shellScript = "diff \"${PODS_PODFILE_DIR_PATH}/Podfile.lock\" \"${PODS_ROOT}/Manifest.lock\" > /dev/null\nif [ $? != 0 ] ; then\n    # print error to STDERR\n    echo \"error: The sandbox is not in sync with the Podfile.lock. Run 'pod install' or update your CocoaPods installation.\" >&2\n    exit 1\nfi\n# This output is used by Xcode 'outputs' to avoid re-running this script phase.\necho \"SUCCESS\" > \"${SCRIPT_OUTPUT_FILE_0}\"\n";
			showEnvVarsInLog = 0;
		};
		8BE62CBEC79F192973322143 /* [CP] Embed Pods Frameworks */ = {
			isa = PBXShellScriptBuildPhase;
			buildActionMask = 2147483647;
			files = (
			);
			inputFileListPaths = (
				"${PODS_ROOT}/Target Support Files/Pods-RemoteConfigsSampleProject/Pods-RemoteConfigsSampleProject-frameworks-${CONFIGURATION}-input-files.xcfilelist",
			);
			name = "[CP] Embed Pods Frameworks";
			outputFileListPaths = (
				"${PODS_ROOT}/Target Support Files/Pods-RemoteConfigsSampleProject/Pods-RemoteConfigsSampleProject-frameworks-${CONFIGURATION}-output-files.xcfilelist",
			);
			runOnlyForDeploymentPostprocessing = 0;
			shellPath = /bin/sh;
			shellScript = "\"${PODS_ROOT}/Target Support Files/Pods-RemoteConfigsSampleProject/Pods-RemoteConfigsSampleProject-frameworks.sh\"\n";
			showEnvVarsInLog = 0;
		};
		A478DF351A1E4B4E93B80E88 /* [CP] Embed Pods Frameworks */ = {
			isa = PBXShellScriptBuildPhase;
			buildActionMask = 2147483647;
			files = (
			);
			inputFileListPaths = (
				"${PODS_ROOT}/Target Support Files/Pods-RemoteConfigsSampleProject-RemoteConfigsSampleProjectUITests/Pods-RemoteConfigsSampleProject-RemoteConfigsSampleProjectUITests-frameworks-${CONFIGURATION}-input-files.xcfilelist",
			);
			name = "[CP] Embed Pods Frameworks";
			outputFileListPaths = (
				"${PODS_ROOT}/Target Support Files/Pods-RemoteConfigsSampleProject-RemoteConfigsSampleProjectUITests/Pods-RemoteConfigsSampleProject-RemoteConfigsSampleProjectUITests-frameworks-${CONFIGURATION}-output-files.xcfilelist",
			);
			runOnlyForDeploymentPostprocessing = 0;
			shellPath = /bin/sh;
			shellScript = "\"${PODS_ROOT}/Target Support Files/Pods-RemoteConfigsSampleProject-RemoteConfigsSampleProjectUITests/Pods-RemoteConfigsSampleProject-RemoteConfigsSampleProjectUITests-frameworks.sh\"\n";
			showEnvVarsInLog = 0;
		};
/* End PBXShellScriptBuildPhase section */

/* Begin PBXSourcesBuildPhase section */
		3BFC1D422A98345600196D44 /* Sources */ = {
			isa = PBXSourcesBuildPhase;
			buildActionMask = 2147483647;
			files = (
				3BFC1D7B2A9837D300196D44 /* Coordinator.swift in Sources */,
				3BE04A032A990CF500AA14F3 /* YellowScreen.swift in Sources */,
				3BE049F12A98E67E00AA14F3 /* AppConfigManager.swift in Sources */,
				3BFC1D4A2A98345600196D44 /* AppDelegate.swift in Sources */,
				3BFC1D7E2A9838C600196D44 /* MainCoordinator.swift in Sources */,
				3BFC1D4C2A98345600196D44 /* SceneDelegate.swift in Sources */,
				3BE04A052A990D4600AA14F3 /* RedScreen.swift in Sources */,
				3BE04A012A990BED00AA14F3 /* GreenScreen.swift in Sources */,
				3BFC1D802A98394E00196D44 /* MainTabView.swift in Sources */,
				3BE049F52A98EB5700AA14F3 /* AppConfigDecoder.swift in Sources */,
				3BE049F92A98F02A00AA14F3 /* FirebaseConfigDecoder.swift in Sources */,
				3BFC1D822A9839D700196D44 /* MainTabViewModel.swift in Sources */,
				3BE049F72A98EC4B00AA14F3 /* AppConfigs.swift in Sources */,
			);
			runOnlyForDeploymentPostprocessing = 0;
		};
		3BFC1D582A98345900196D44 /* Sources */ = {
			isa = PBXSourcesBuildPhase;
			buildActionMask = 2147483647;
			files = (
				3BFC1D612A98345900196D44 /* RemoteConfigsSampleProjectTests.swift in Sources */,
			);
			runOnlyForDeploymentPostprocessing = 0;
		};
		3BFC1D622A98345900196D44 /* Sources */ = {
			isa = PBXSourcesBuildPhase;
			buildActionMask = 2147483647;
			files = (
				3BFC1D6D2A98345900196D44 /* RemoteConfigsSampleProjectUITestsLaunchTests.swift in Sources */,
				3BFC1D6B2A98345900196D44 /* RemoteConfigsSampleProjectUITests.swift in Sources */,
			);
			runOnlyForDeploymentPostprocessing = 0;
		};
/* End PBXSourcesBuildPhase section */

/* Begin PBXTargetDependency section */
		3BFC1D5E2A98345900196D44 /* PBXTargetDependency */ = {
			isa = PBXTargetDependency;
			target = 3BFC1D452A98345600196D44 /* RemoteConfigsSampleProject */;
			targetProxy = 3BFC1D5D2A98345900196D44 /* PBXContainerItemProxy */;
		};
		3BFC1D682A98345900196D44 /* PBXTargetDependency */ = {
			isa = PBXTargetDependency;
			target = 3BFC1D452A98345600196D44 /* RemoteConfigsSampleProject */;
			targetProxy = 3BFC1D672A98345900196D44 /* PBXContainerItemProxy */;
		};
/* End PBXTargetDependency section */

/* Begin PBXVariantGroup section */
		3BFC1D542A98345900196D44 /* LaunchScreen.storyboard */ = {
			isa = PBXVariantGroup;
			children = (
				3BFC1D552A98345900196D44 /* Base */,
			);
			name = LaunchScreen.storyboard;
			sourceTree = "<group>";
		};
/* End PBXVariantGroup section */

/* Begin XCBuildConfiguration section */
		3BFC1D6E2A98345900196D44 /* Debug */ = {
			isa = XCBuildConfiguration;
			buildSettings = {
				ALWAYS_SEARCH_USER_PATHS = NO;
				CLANG_ANALYZER_NONNULL = YES;
				CLANG_ANALYZER_NUMBER_OBJECT_CONVERSION = YES_AGGRESSIVE;
				CLANG_CXX_LANGUAGE_STANDARD = "gnu++20";
				CLANG_ENABLE_MODULES = YES;
				CLANG_ENABLE_OBJC_ARC = YES;
				CLANG_ENABLE_OBJC_WEAK = YES;
				CLANG_WARN_BLOCK_CAPTURE_AUTORELEASING = YES;
				CLANG_WARN_BOOL_CONVERSION = YES;
				CLANG_WARN_COMMA = YES;
				CLANG_WARN_CONSTANT_CONVERSION = YES;
				CLANG_WARN_DEPRECATED_OBJC_IMPLEMENTATIONS = YES;
				CLANG_WARN_DIRECT_OBJC_ISA_USAGE = YES_ERROR;
				CLANG_WARN_DOCUMENTATION_COMMENTS = YES;
				CLANG_WARN_EMPTY_BODY = YES;
				CLANG_WARN_ENUM_CONVERSION = YES;
				CLANG_WARN_INFINITE_RECURSION = YES;
				CLANG_WARN_INT_CONVERSION = YES;
				CLANG_WARN_NON_LITERAL_NULL_CONVERSION = YES;
				CLANG_WARN_OBJC_IMPLICIT_RETAIN_SELF = YES;
				CLANG_WARN_OBJC_LITERAL_CONVERSION = YES;
				CLANG_WARN_OBJC_ROOT_CLASS = YES_ERROR;
				CLANG_WARN_QUOTED_INCLUDE_IN_FRAMEWORK_HEADER = YES;
				CLANG_WARN_RANGE_LOOP_ANALYSIS = YES;
				CLANG_WARN_STRICT_PROTOTYPES = YES;
				CLANG_WARN_SUSPICIOUS_MOVE = YES;
				CLANG_WARN_UNGUARDED_AVAILABILITY = YES_AGGRESSIVE;
				CLANG_WARN_UNREACHABLE_CODE = YES;
				CLANG_WARN__DUPLICATE_METHOD_MATCH = YES;
				COPY_PHASE_STRIP = NO;
				DEBUG_INFORMATION_FORMAT = dwarf;
				ENABLE_STRICT_OBJC_MSGSEND = YES;
				ENABLE_TESTABILITY = YES;
				GCC_C_LANGUAGE_STANDARD = gnu11;
				GCC_DYNAMIC_NO_PIC = NO;
				GCC_NO_COMMON_BLOCKS = YES;
				GCC_OPTIMIZATION_LEVEL = 0;
				GCC_PREPROCESSOR_DEFINITIONS = (
					"DEBUG=1",
					"$(inherited)",
				);
				GCC_WARN_64_TO_32_BIT_CONVERSION = YES;
				GCC_WARN_ABOUT_RETURN_TYPE = YES_ERROR;
				GCC_WARN_UNDECLARED_SELECTOR = YES;
				GCC_WARN_UNINITIALIZED_AUTOS = YES_AGGRESSIVE;
				GCC_WARN_UNUSED_FUNCTION = YES;
				GCC_WARN_UNUSED_VARIABLE = YES;
				IPHONEOS_DEPLOYMENT_TARGET = 16.4;
				MTL_ENABLE_DEBUG_INFO = INCLUDE_SOURCE;
				MTL_FAST_MATH = YES;
				ONLY_ACTIVE_ARCH = YES;
				SDKROOT = iphoneos;
				SWIFT_ACTIVE_COMPILATION_CONDITIONS = DEBUG;
				SWIFT_OPTIMIZATION_LEVEL = "-Onone";
			};
			name = Debug;
		};
		3BFC1D6F2A98345900196D44 /* Release */ = {
			isa = XCBuildConfiguration;
			buildSettings = {
				ALWAYS_SEARCH_USER_PATHS = NO;
				CLANG_ANALYZER_NONNULL = YES;
				CLANG_ANALYZER_NUMBER_OBJECT_CONVERSION = YES_AGGRESSIVE;
				CLANG_CXX_LANGUAGE_STANDARD = "gnu++20";
				CLANG_ENABLE_MODULES = YES;
				CLANG_ENABLE_OBJC_ARC = YES;
				CLANG_ENABLE_OBJC_WEAK = YES;
				CLANG_WARN_BLOCK_CAPTURE_AUTORELEASING = YES;
				CLANG_WARN_BOOL_CONVERSION = YES;
				CLANG_WARN_COMMA = YES;
				CLANG_WARN_CONSTANT_CONVERSION = YES;
				CLANG_WARN_DEPRECATED_OBJC_IMPLEMENTATIONS = YES;
				CLANG_WARN_DIRECT_OBJC_ISA_USAGE = YES_ERROR;
				CLANG_WARN_DOCUMENTATION_COMMENTS = YES;
				CLANG_WARN_EMPTY_BODY = YES;
				CLANG_WARN_ENUM_CONVERSION = YES;
				CLANG_WARN_INFINITE_RECURSION = YES;
				CLANG_WARN_INT_CONVERSION = YES;
				CLANG_WARN_NON_LITERAL_NULL_CONVERSION = YES;
				CLANG_WARN_OBJC_IMPLICIT_RETAIN_SELF = YES;
				CLANG_WARN_OBJC_LITERAL_CONVERSION = YES;
				CLANG_WARN_OBJC_ROOT_CLASS = YES_ERROR;
				CLANG_WARN_QUOTED_INCLUDE_IN_FRAMEWORK_HEADER = YES;
				CLANG_WARN_RANGE_LOOP_ANALYSIS = YES;
				CLANG_WARN_STRICT_PROTOTYPES = YES;
				CLANG_WARN_SUSPICIOUS_MOVE = YES;
				CLANG_WARN_UNGUARDED_AVAILABILITY = YES_AGGRESSIVE;
				CLANG_WARN_UNREACHABLE_CODE = YES;
				CLANG_WARN__DUPLICATE_METHOD_MATCH = YES;
				COPY_PHASE_STRIP = NO;
				DEBUG_INFORMATION_FORMAT = "dwarf-with-dsym";
				ENABLE_NS_ASSERTIONS = NO;
				ENABLE_STRICT_OBJC_MSGSEND = YES;
				GCC_C_LANGUAGE_STANDARD = gnu11;
				GCC_NO_COMMON_BLOCKS = YES;
				GCC_WARN_64_TO_32_BIT_CONVERSION = YES;
				GCC_WARN_ABOUT_RETURN_TYPE = YES_ERROR;
				GCC_WARN_UNDECLARED_SELECTOR = YES;
				GCC_WARN_UNINITIALIZED_AUTOS = YES_AGGRESSIVE;
				GCC_WARN_UNUSED_FUNCTION = YES;
				GCC_WARN_UNUSED_VARIABLE = YES;
				IPHONEOS_DEPLOYMENT_TARGET = 16.4;
				MTL_ENABLE_DEBUG_INFO = NO;
				MTL_FAST_MATH = YES;
				SDKROOT = iphoneos;
				SWIFT_COMPILATION_MODE = wholemodule;
				SWIFT_OPTIMIZATION_LEVEL = "-O";
				VALIDATE_PRODUCT = YES;
			};
			name = Release;
		};
		3BFC1D712A98345900196D44 /* Debug */ = {
			isa = XCBuildConfiguration;
			baseConfigurationReference = F39EDA2BF582100EBF073E12 /* Pods-RemoteConfigsSampleProject.debug.xcconfig */;
			buildSettings = {
				ASSETCATALOG_COMPILER_APPICON_NAME = AppIcon;
				ASSETCATALOG_COMPILER_GLOBAL_ACCENT_COLOR_NAME = AccentColor;
				CODE_SIGN_STYLE = Automatic;
				CURRENT_PROJECT_VERSION = 1;
				DEVELOPMENT_TEAM = 5EAUJPVR66;
				GENERATE_INFOPLIST_FILE = YES;
				INFOPLIST_FILE = RemoteConfigsSampleProject/Info.plist;
				INFOPLIST_KEY_UIApplicationSupportsIndirectInputEvents = YES;
				INFOPLIST_KEY_UILaunchStoryboardName = LaunchScreen;
				INFOPLIST_KEY_UISupportedInterfaceOrientations = UIInterfaceOrientationPortrait;
				IPHONEOS_DEPLOYMENT_TARGET = 15.0;
				LD_RUNPATH_SEARCH_PATHS = (
					"$(inherited)",
					"@executable_path/Frameworks",
				);
				MARKETING_VERSION = 1.0;
				PRODUCT_BUNDLE_IDENTIFIER = com.xwrobelex.app.RemoteConfigsSampleProject;
				PRODUCT_NAME = "$(TARGET_NAME)";
				SWIFT_EMIT_LOC_STRINGS = YES;
				SWIFT_VERSION = 5.0;
				TARGETED_DEVICE_FAMILY = "1,2";
			};
			name = Debug;
		};
		3BFC1D722A98345900196D44 /* Release */ = {
			isa = XCBuildConfiguration;
			baseConfigurationReference = D9F53FDFCD9D1354EE5A43A4 /* Pods-RemoteConfigsSampleProject.release.xcconfig */;
			buildSettings = {
				ASSETCATALOG_COMPILER_APPICON_NAME = AppIcon;
				ASSETCATALOG_COMPILER_GLOBAL_ACCENT_COLOR_NAME = AccentColor;
				CODE_SIGN_STYLE = Automatic;
				CURRENT_PROJECT_VERSION = 1;
				DEVELOPMENT_TEAM = 5EAUJPVR66;
				GENERATE_INFOPLIST_FILE = YES;
				INFOPLIST_FILE = RemoteConfigsSampleProject/Info.plist;
				INFOPLIST_KEY_UIApplicationSupportsIndirectInputEvents = YES;
				INFOPLIST_KEY_UILaunchStoryboardName = LaunchScreen;
				INFOPLIST_KEY_UISupportedInterfaceOrientations = UIInterfaceOrientationPortrait;
				IPHONEOS_DEPLOYMENT_TARGET = 15.0;
				LD_RUNPATH_SEARCH_PATHS = (
					"$(inherited)",
					"@executable_path/Frameworks",
				);
				MARKETING_VERSION = 1.0;
				PRODUCT_BUNDLE_IDENTIFIER = com.xwrobelex.app.RemoteConfigsSampleProject;
				PRODUCT_NAME = "$(TARGET_NAME)";
				SWIFT_EMIT_LOC_STRINGS = YES;
				SWIFT_VERSION = 5.0;
				TARGETED_DEVICE_FAMILY = "1,2";
			};
			name = Release;
		};
		3BFC1D742A98345900196D44 /* Debug */ = {
			isa = XCBuildConfiguration;
			baseConfigurationReference = CA72F6885C610A8073A053E4 /* Pods-RemoteConfigsSampleProjectTests.debug.xcconfig */;
			buildSettings = {
				ALWAYS_EMBED_SWIFT_STANDARD_LIBRARIES = YES;
				BUNDLE_LOADER = "$(TEST_HOST)";
				CODE_SIGN_STYLE = Automatic;
				CURRENT_PROJECT_VERSION = 1;
				DEVELOPMENT_TEAM = 5EAUJPVR66;
				GENERATE_INFOPLIST_FILE = YES;
				IPHONEOS_DEPLOYMENT_TARGET = 16.4;
				MARKETING_VERSION = 1.0;
				PRODUCT_BUNDLE_IDENTIFIER = com.xwrobelex.app.RemoteConfigsSampleProjectTests;
				PRODUCT_NAME = "$(TARGET_NAME)";
				SWIFT_EMIT_LOC_STRINGS = NO;
				SWIFT_VERSION = 5.0;
				TARGETED_DEVICE_FAMILY = "1,2";
				TEST_HOST = "$(BUILT_PRODUCTS_DIR)/RemoteConfigsSampleProject.app/$(BUNDLE_EXECUTABLE_FOLDER_PATH)/RemoteConfigsSampleProject";
			};
			name = Debug;
		};
		3BFC1D752A98345900196D44 /* Release */ = {
			isa = XCBuildConfiguration;
			baseConfigurationReference = 14D68AC5856F02B9667BD589 /* Pods-RemoteConfigsSampleProjectTests.release.xcconfig */;
			buildSettings = {
				ALWAYS_EMBED_SWIFT_STANDARD_LIBRARIES = YES;
				BUNDLE_LOADER = "$(TEST_HOST)";
				CODE_SIGN_STYLE = Automatic;
				CURRENT_PROJECT_VERSION = 1;
				DEVELOPMENT_TEAM = 5EAUJPVR66;
				GENERATE_INFOPLIST_FILE = YES;
				IPHONEOS_DEPLOYMENT_TARGET = 16.4;
				MARKETING_VERSION = 1.0;
				PRODUCT_BUNDLE_IDENTIFIER = com.xwrobelex.app.RemoteConfigsSampleProjectTests;
				PRODUCT_NAME = "$(TARGET_NAME)";
				SWIFT_EMIT_LOC_STRINGS = NO;
				SWIFT_VERSION = 5.0;
				TARGETED_DEVICE_FAMILY = "1,2";
				TEST_HOST = "$(BUILT_PRODUCTS_DIR)/RemoteConfigsSampleProject.app/$(BUNDLE_EXECUTABLE_FOLDER_PATH)/RemoteConfigsSampleProject";
			};
			name = Release;
		};
		3BFC1D772A98345900196D44 /* Debug */ = {
			isa = XCBuildConfiguration;
			baseConfigurationReference = 9FA24DD0020C2672F7919E0E /* Pods-RemoteConfigsSampleProject-RemoteConfigsSampleProjectUITests.debug.xcconfig */;
			buildSettings = {
				ALWAYS_EMBED_SWIFT_STANDARD_LIBRARIES = YES;
				CODE_SIGN_STYLE = Automatic;
				CURRENT_PROJECT_VERSION = 1;
				DEVELOPMENT_TEAM = 5EAUJPVR66;
				GENERATE_INFOPLIST_FILE = YES;
				MARKETING_VERSION = 1.0;
				PRODUCT_BUNDLE_IDENTIFIER = com.xwrobelex.app.RemoteConfigsSampleProjectUITests;
				PRODUCT_NAME = "$(TARGET_NAME)";
				SWIFT_EMIT_LOC_STRINGS = NO;
				SWIFT_VERSION = 5.0;
				TARGETED_DEVICE_FAMILY = "1,2";
				TEST_TARGET_NAME = RemoteConfigsSampleProject;
			};
			name = Debug;
		};
		3BFC1D782A98345900196D44 /* Release */ = {
			isa = XCBuildConfiguration;
			baseConfigurationReference = 76292BD708A68953A3FD8FEF /* Pods-RemoteConfigsSampleProject-RemoteConfigsSampleProjectUITests.release.xcconfig */;
			buildSettings = {
				ALWAYS_EMBED_SWIFT_STANDARD_LIBRARIES = YES;
				CODE_SIGN_STYLE = Automatic;
				CURRENT_PROJECT_VERSION = 1;
				DEVELOPMENT_TEAM = 5EAUJPVR66;
				GENERATE_INFOPLIST_FILE = YES;
				MARKETING_VERSION = 1.0;
				PRODUCT_BUNDLE_IDENTIFIER = com.xwrobelex.app.RemoteConfigsSampleProjectUITests;
				PRODUCT_NAME = "$(TARGET_NAME)";
				SWIFT_EMIT_LOC_STRINGS = NO;
				SWIFT_VERSION = 5.0;
				TARGETED_DEVICE_FAMILY = "1,2";
				TEST_TARGET_NAME = RemoteConfigsSampleProject;
			};
			name = Release;
		};
/* End XCBuildConfiguration section */

/* Begin XCConfigurationList section */
		3BFC1D412A98345600196D44 /* Build configuration list for PBXProject "RemoteConfigsSampleProject" */ = {
			isa = XCConfigurationList;
			buildConfigurations = (
				3BFC1D6E2A98345900196D44 /* Debug */,
				3BFC1D6F2A98345900196D44 /* Release */,
			);
			defaultConfigurationIsVisible = 0;
			defaultConfigurationName = Release;
		};
		3BFC1D702A98345900196D44 /* Build configuration list for PBXNativeTarget "RemoteConfigsSampleProject" */ = {
			isa = XCConfigurationList;
			buildConfigurations = (
				3BFC1D712A98345900196D44 /* Debug */,
				3BFC1D722A98345900196D44 /* Release */,
			);
			defaultConfigurationIsVisible = 0;
			defaultConfigurationName = Release;
		};
		3BFC1D732A98345900196D44 /* Build configuration list for PBXNativeTarget "RemoteConfigsSampleProjectTests" */ = {
			isa = XCConfigurationList;
			buildConfigurations = (
				3BFC1D742A98345900196D44 /* Debug */,
				3BFC1D752A98345900196D44 /* Release */,
			);
			defaultConfigurationIsVisible = 0;
			defaultConfigurationName = Release;
		};
		3BFC1D762A98345900196D44 /* Build configuration list for PBXNativeTarget "RemoteConfigsSampleProjectUITests" */ = {
			isa = XCConfigurationList;
			buildConfigurations = (
				3BFC1D772A98345900196D44 /* Debug */,
				3BFC1D782A98345900196D44 /* Release */,
			);
			defaultConfigurationIsVisible = 0;
			defaultConfigurationName = Release;
		};
/* End XCConfigurationList section */
	};
	rootObject = 3BFC1D3E2A98345600196D44 /* Project object */;
}
